
Microsoft Visual Studio Solution File, Format Version 12.00
# Visual Studio Version 17
VisualStudioVersion = 17.1.32328.378
MinimumVisualStudioVersion = 10.0.40219.1
Project("{FAE04EC0-301F-11D3-BF4B-00C04F79EFBC}") = "ConsoleClassesPractice", "ConsoleClassesPractice.csproj", "{F5611506-00D4-4A9D-9440-34A5F613DAA5}"
EndProject
Global
	GlobalSection(SolutionConfigurationPlatforms) = preSolution
		Debug|Any CPU = Debug|Any CPU
		Release|Any CPU = Release|Any CPU
	EndGlobalSection
	GlobalSection(ProjectConfigurationPlatforms) = postSolution
		{F5611506-00D4-4A9D-9440-34A5F613DAA5}.Debug|Any CPU.ActiveCfg = Debug|Any CPU
		{F5611506-00D4-4A9D-9440-34A5F613DAA5}.Debug|Any CPU.Build.0 = Debug|Any CPU
		{F5611506-00D4-4A9D-9440-34A5F613DAA5}.Release|Any CPU.ActiveCfg = Release|Any CPU
		{F5611506-00D4-4A9D-9440-34A5F613DAA5}.Release|Any CPU.Build.0 = Release|Any CPU
	EndGlobalSection
	GlobalSection(SolutionProperties) = preSolution
		HideSolutionNode = FALSE
	EndGlobalSection
	GlobalSection(ExtensibilityGlobals) = postSolution
		SolutionGuid = {A9305646-5B4F-461E-9CDB-F57997A5B139}
	EndGlobalSection
EndGlobal
